PODS:
  - MyBaseExtension (0.0.1)

DEPENDENCIES:
  - MyBaseExtension (from `https://github.com/Howard-Zjun/MyBaseExtension.git`)

EXTERNAL SOURCES:
  MyBaseExtension:
    :git: https://github.com/Howard-Zjun/MyBaseExtension.git

CHECKOUT OPTIONS:
  MyBaseExtension:
    :commit: 6791ef73519bd99138c0d5b5a452a11ae3911fb9
    :git: https://github.com/Howard-Zjun/MyBaseExtension.git

SPEC CHECKSUMS:
  MyBaseExtension: b7909cc5dfb6760f7e04c1d7f39b3a204c22a2d7

PODFILE CHECKSUM: 3344d6c4af45d68dbce784a188734330f8237d34

COCOAPODS: 1.15.2
