PODS:
  - MyBaseExtension (0.0.3)

DEPENDENCIES:
  - MyBaseExtension

SPEC REPOS:
  https://github.com/CocoaPods/Specs.git:
    - MyBaseExtension

SPEC CHECKSUMS:
  MyBaseExtension: 1c32c1b8f83d2371320a8c74dfaa58e181b2c2bf

PODFILE CHECKSUM: df77ae660e95090f21ea2ac1d7714c57e5f2e3bf

COCOAPODS: 1.15.2
